
Microsoft Visual Studio Solution File, Format Version 12.00
# Visual Studio 15
VisualStudioVersion = 15.0.28307.168
MinimumVisualStudioVersion = 10.0.40219.1
Project("{FAE04EC0-301F-11D3-BF4B-00C04F79EFBC}") = "Blood Flow Model", "Blood Flow Model\Blood Flow Model.csproj", "{FDC6C177-87C1-45A6-966D-B0A2C46A160C}"
EndProject
Global
	GlobalSection(SolutionConfigurationPlatforms) = preSolution
		Debug|Any CPU = Debug|Any CPU
		Release|Any CPU = Release|Any CPU
	EndGlobalSection
	GlobalSection(ProjectConfigurationPlatforms) = postSolution
		{FDC6C177-87C1-45A6-966D-B0A2C46A160C}.Debug|Any CPU.ActiveCfg = Debug|Any CPU
		{FDC6C177-87C1-45A6-966D-B0A2C46A160C}.Debug|Any CPU.Build.0 = Debug|Any CPU
		{FDC6C177-87C1-45A6-966D-B0A2C46A160C}.Release|Any CPU.ActiveCfg = Release|Any CPU
		{FDC6C177-87C1-45A6-966D-B0A2C46A160C}.Release|Any CPU.Build.0 = Release|Any CPU
	EndGlobalSection
	GlobalSection(SolutionProperties) = preSolution
		HideSolutionNode = FALSE
	EndGlobalSection
	GlobalSection(ExtensibilityGlobals) = postSolution
		SolutionGuid = {5761F214-A27A-4BE1-85CE-59BA1D24B670}
	EndGlobalSection
EndGlobal
